
Microsoft Visual Studio Solution File, Format Version 12.00
# Visual Studio Version 17
VisualStudioVersion = 17.8.34511.84
MinimumVisualStudioVersion = 10.0.40219.1
Project("{FAE04EC0-301F-11D3-BF4B-00C04F79EFBC}") = "ShoppingCartWeb", "ShoppingCartWeb\ShoppingCartWeb.csproj", "{541DFBA8-009A-4926-B41B-2E6E7659EEB7}"
EndProject
Global
	GlobalSection(SolutionConfigurationPlatforms) = preSolution
		Debug|Any CPU = Debug|Any CPU
		Release|Any CPU = Release|Any CPU
	EndGlobalSection
	GlobalSection(ProjectConfigurationPlatforms) = postSolution
		{541DFBA8-009A-4926-B41B-2E6E7659EEB7}.Debug|Any CPU.ActiveCfg = Debug|Any CPU
		{541DFBA8-009A-4926-B41B-2E6E7659EEB7}.Debug|Any CPU.Build.0 = Debug|Any CPU
		{541DFBA8-009A-4926-B41B-2E6E7659EEB7}.Release|Any CPU.ActiveCfg = Release|Any CPU
		{541DFBA8-009A-4926-B41B-2E6E7659EEB7}.Release|Any CPU.Build.0 = Release|Any CPU
	EndGlobalSection
	GlobalSection(SolutionProperties) = preSolution
		HideSolutionNode = FALSE
	EndGlobalSection
	GlobalSection(ExtensibilityGlobals) = postSolution
		SolutionGuid = {D77CA151-7883-4F1F-9543-6C670878F9B0}
	EndGlobalSection
EndGlobal
